{
  "name": "customer",
  "lockfileVersion": 3,
  "requires": true,
  "packages": {
    "": {
      "dependencies": {
        "angular-jwt": "^0.1.11",
        "uuid": "^9.0.0"
      }
    },
    "node_modules/angular-jwt": {
      "version": "0.1.11",
      "resolved": "https://registry.npmjs.org/angular-jwt/-/angular-jwt-0.1.11.tgz",
      "integrity": "sha512-793dv5vXOXaW5/cweMd+sqSf9dPhbazDya3szTVOQ84MDEj1nYLJrixBBa7WNtZeMqz7ylWX7djnFgqLjEWcHw==",
      "engines": {
        "node": ">=0.8.0"
      }
    },
    "node_modules/uuid": {
      "version": "9.0.0",
      "resolved": "https://registry.npmjs.org/uuid/-/uuid-9.0.0.tgz",
      "integrity": "sha512-MXcSTerfPa4uqyzStbRoTgt5XIe3x5+42+q1sDuy3R5MDk66URdLMOZe5aPX/SQd+kuYAh0FdP/pO28IkQyTeg==",
      "bin": {
        "uuid": "dist/bin/uuid"
      }
    }
  }
}
