
Microsoft Visual Studio Solution File, Format Version 12.00
# Visual Studio Version 16
VisualStudioVersion = 16.0.33529.622
MinimumVisualStudioVersion = 10.0.40219.1
Project("{9A19103F-16F7-4668-BE54-9A1E7A4F7556}") = "Webapi", "Webapi\Webapi.csproj", "{A2F1237D-49DC-433D-BBE1-36BBB71DF1B2}"
EndProject
Project("{9A19103F-16F7-4668-BE54-9A1E7A4F7556}") = "Domain", "Domain\Domain.csproj", "{6EDC30B3-BE2B-4F1B-83F7-61D48B2B5C11}"
EndProject
Project("{9A19103F-16F7-4668-BE54-9A1E7A4F7556}") = "EntitiesDto", "EntitiesDto\EntitiesDto.csproj", "{6337847D-0217-40EC-BC3E-7481137F6238}"
EndProject
Project("{9A19103F-16F7-4668-BE54-9A1E7A4F7556}") = "Persistence", "Persistence\Persistence.csproj", "{2A8AEF84-5809-4C3C-A289-2BB441E15DCB}"
EndProject
Project("{9A19103F-16F7-4668-BE54-9A1E7A4F7556}") = "Service", "Service\Service.csproj", "{1D0FA4C0-7747-4443-8F3A-34301B791C16}"
EndProject
Project("{9A19103F-16F7-4668-BE54-9A1E7A4F7556}") = "Service.Abstractions", "Service.Abstractions\Service.Abstractions.csproj", "{E2BD0889-C779-4365-8B69-55D2D74C8AF4}"
EndProject
Project("{9A19103F-16F7-4668-BE54-9A1E7A4F7556}") = "Data", "..\..\..\..\..\Data\Data\Data.csproj", "{D10360BB-547C-40CF-AADD-5DCCC1D96561}"
EndProject
Global
	GlobalSection(SolutionConfigurationPlatforms) = preSolution
		Debug|Any CPU = Debug|Any CPU
		Release|Any CPU = Release|Any CPU
	EndGlobalSection
	GlobalSection(ProjectConfigurationPlatforms) = postSolution
		{A2F1237D-49DC-433D-BBE1-36BBB71DF1B2}.Debug|Any CPU.ActiveCfg = Debug|Any CPU
		{A2F1237D-49DC-433D-BBE1-36BBB71DF1B2}.Debug|Any CPU.Build.0 = Debug|Any CPU
		{A2F1237D-49DC-433D-BBE1-36BBB71DF1B2}.Release|Any CPU.ActiveCfg = Release|Any CPU
		{A2F1237D-49DC-433D-BBE1-36BBB71DF1B2}.Release|Any CPU.Build.0 = Release|Any CPU
		{6EDC30B3-BE2B-4F1B-83F7-61D48B2B5C11}.Debug|Any CPU.ActiveCfg = Debug|Any CPU
		{6EDC30B3-BE2B-4F1B-83F7-61D48B2B5C11}.Debug|Any CPU.Build.0 = Debug|Any CPU
		{6EDC30B3-BE2B-4F1B-83F7-61D48B2B5C11}.Release|Any CPU.ActiveCfg = Release|Any CPU
		{6EDC30B3-BE2B-4F1B-83F7-61D48B2B5C11}.Release|Any CPU.Build.0 = Release|Any CPU
		{6337847D-0217-40EC-BC3E-7481137F6238}.Debug|Any CPU.ActiveCfg = Debug|Any CPU
		{6337847D-0217-40EC-BC3E-7481137F6238}.Debug|Any CPU.Build.0 = Debug|Any CPU
		{6337847D-0217-40EC-BC3E-7481137F6238}.Release|Any CPU.ActiveCfg = Release|Any CPU
		{6337847D-0217-40EC-BC3E-7481137F6238}.Release|Any CPU.Build.0 = Release|Any CPU
		{2A8AEF84-5809-4C3C-A289-2BB441E15DCB}.Debug|Any CPU.ActiveCfg = Debug|Any CPU
		{2A8AEF84-5809-4C3C-A289-2BB441E15DCB}.Debug|Any CPU.Build.0 = Debug|Any CPU
		{2A8AEF84-5809-4C3C-A289-2BB441E15DCB}.Release|Any CPU.ActiveCfg = Release|Any CPU
		{2A8AEF84-5809-4C3C-A289-2BB441E15DCB}.Release|Any CPU.Build.0 = Release|Any CPU
		{1D0FA4C0-7747-4443-8F3A-34301B791C16}.Debug|Any CPU.ActiveCfg = Debug|Any CPU
		{1D0FA4C0-7747-4443-8F3A-34301B791C16}.Debug|Any CPU.Build.0 = Debug|Any CPU
		{1D0FA4C0-7747-4443-8F3A-34301B791C16}.Release|Any CPU.ActiveCfg = Release|Any CPU
		{1D0FA4C0-7747-4443-8F3A-34301B791C16}.Release|Any CPU.Build.0 = Release|Any CPU
		{E2BD0889-C779-4365-8B69-55D2D74C8AF4}.Debug|Any CPU.ActiveCfg = Debug|Any CPU
		{E2BD0889-C779-4365-8B69-55D2D74C8AF4}.Debug|Any CPU.Build.0 = Debug|Any CPU
		{E2BD0889-C779-4365-8B69-55D2D74C8AF4}.Release|Any CPU.ActiveCfg = Release|Any CPU
		{E2BD0889-C779-4365-8B69-55D2D74C8AF4}.Release|Any CPU.Build.0 = Release|Any CPU
		{D10360BB-547C-40CF-AADD-5DCCC1D96561}.Debug|Any CPU.ActiveCfg = Debug|Any CPU
		{D10360BB-547C-40CF-AADD-5DCCC1D96561}.Debug|Any CPU.Build.0 = Debug|Any CPU
		{D10360BB-547C-40CF-AADD-5DCCC1D96561}.Release|Any CPU.ActiveCfg = Release|Any CPU
		{D10360BB-547C-40CF-AADD-5DCCC1D96561}.Release|Any CPU.Build.0 = Release|Any CPU
	EndGlobalSection
	GlobalSection(SolutionProperties) = preSolution
		HideSolutionNode = FALSE
	EndGlobalSection
	GlobalSection(ExtensibilityGlobals) = postSolution
		SolutionGuid = {BA3A0CD1-2DE3-41A7-B111-828256286DEF}
	EndGlobalSection
EndGlobal
