
Microsoft Visual Studio Solution File, Format Version 12.00
# Visual Studio Version 17
VisualStudioVersion = 17.0.31903.59
MinimumVisualStudioVersion = 10.0.40219.1
Project("{FAE04EC0-301F-11D3-BF4B-00C04F79EFBC}") = "Webapi", "Webapi\Webapi.csproj", "{A2F1237D-49DC-433D-BBE1-36BBB71DF1B2}"
EndProject
Project("{FAE04EC0-301F-11D3-BF4B-00C04F79EFBC}") = "Domain", "Domain\Domain.csproj", "{6EDC30B3-BE2B-4F1B-83F7-61D48B2B5C11}"
EndProject
Project("{FAE04EC0-301F-11D3-BF4B-00C04F79EFBC}") = "EntitiesDto", "EntitiesDto\EntitiesDto.csproj", "{6337847D-0217-40EC-BC3E-7481137F6238}"
EndProject
Project("{FAE04EC0-301F-11D3-BF4B-00C04F79EFBC}") = "Persistence", "Persistence\Persistence.csproj", "{2A8AEF84-5809-4C3C-A289-2BB441E15DCB}"
EndProject
Project("{FAE04EC0-301F-11D3-BF4B-00C04F79EFBC}") = "Service", "Service\Service.csproj", "{1D0FA4C0-7747-4443-8F3A-34301B791C16}"
EndProject
Project("{FAE04EC0-301F-11D3-BF4B-00C04F79EFBC}") = "Service.Abstractions", "Service.Abstractions\Service.Abstractions.csproj", "{E2BD0889-C779-4365-8B69-55D2D74C8AF4}"
EndProject
Global
	GlobalSection(SolutionConfigurationPlatforms) = preSolution
		Debug|Any CPU = Debug|Any CPU
		Release|Any CPU = Release|Any CPU
	EndGlobalSection
	GlobalSection(SolutionProperties) = preSolution
		HideSolutionNode = FALSE
	EndGlobalSection
	GlobalSection(ProjectConfigurationPlatforms) = postSolution
		{A2F1237D-49DC-433D-BBE1-36BBB71DF1B2}.Debug|Any CPU.ActiveCfg = Debug|Any CPU
		{A2F1237D-49DC-433D-BBE1-36BBB71DF1B2}.Debug|Any CPU.Build.0 = Debug|Any CPU
		{A2F1237D-49DC-433D-BBE1-36BBB71DF1B2}.Release|Any CPU.ActiveCfg = Release|Any CPU
		{A2F1237D-49DC-433D-BBE1-36BBB71DF1B2}.Release|Any CPU.Build.0 = Release|Any CPU
		{6EDC30B3-BE2B-4F1B-83F7-61D48B2B5C11}.Debug|Any CPU.ActiveCfg = Debug|Any CPU
		{6EDC30B3-BE2B-4F1B-83F7-61D48B2B5C11}.Debug|Any CPU.Build.0 = Debug|Any CPU
		{6EDC30B3-BE2B-4F1B-83F7-61D48B2B5C11}.Release|Any CPU.ActiveCfg = Release|Any CPU
		{6EDC30B3-BE2B-4F1B-83F7-61D48B2B5C11}.Release|Any CPU.Build.0 = Release|Any CPU
		{6337847D-0217-40EC-BC3E-7481137F6238}.Debug|Any CPU.ActiveCfg = Debug|Any CPU
		{6337847D-0217-40EC-BC3E-7481137F6238}.Debug|Any CPU.Build.0 = Debug|Any CPU
		{6337847D-0217-40EC-BC3E-7481137F6238}.Release|Any CPU.ActiveCfg = Release|Any CPU
		{6337847D-0217-40EC-BC3E-7481137F6238}.Release|Any CPU.Build.0 = Release|Any CPU
		{2A8AEF84-5809-4C3C-A289-2BB441E15DCB}.Debug|Any CPU.ActiveCfg = Debug|Any CPU
		{2A8AEF84-5809-4C3C-A289-2BB441E15DCB}.Debug|Any CPU.Build.0 = Debug|Any CPU
		{2A8AEF84-5809-4C3C-A289-2BB441E15DCB}.Release|Any CPU.ActiveCfg = Release|Any CPU
		{2A8AEF84-5809-4C3C-A289-2BB441E15DCB}.Release|Any CPU.Build.0 = Release|Any CPU
		{1D0FA4C0-7747-4443-8F3A-34301B791C16}.Debug|Any CPU.ActiveCfg = Debug|Any CPU
		{1D0FA4C0-7747-4443-8F3A-34301B791C16}.Debug|Any CPU.Build.0 = Debug|Any CPU
		{1D0FA4C0-7747-4443-8F3A-34301B791C16}.Release|Any CPU.ActiveCfg = Release|Any CPU
		{1D0FA4C0-7747-4443-8F3A-34301B791C16}.Release|Any CPU.Build.0 = Release|Any CPU
		{E2BD0889-C779-4365-8B69-55D2D74C8AF4}.Debug|Any CPU.ActiveCfg = Debug|Any CPU
		{E2BD0889-C779-4365-8B69-55D2D74C8AF4}.Debug|Any CPU.Build.0 = Debug|Any CPU
		{E2BD0889-C779-4365-8B69-55D2D74C8AF4}.Release|Any CPU.ActiveCfg = Release|Any CPU
		{E2BD0889-C779-4365-8B69-55D2D74C8AF4}.Release|Any CPU.Build.0 = Release|Any CPU
	EndGlobalSection
EndGlobal
